github.com/starter-go/afs v0.9.4 h1:0o96pOdtDvZcWSS5b7icbzYHq6hdfnHZyr+sXD6OZds=
github.com/starter-go/afs v0.9.4/go.mod h1:Kuwz+TntvRVUYJuHWfR9hkEIcBiIC3ScW9IS/gjJulM=
github.com/starter-go/application v0.9.20 h1:CxOmwhpr1Kz8mSv0e2T+j+CBPXvCmfMFCqHq5m+tBWk=
github.com/starter-go/application v0.9.20/go.mod h1:WXdBRmDnpM6+vAxbuYrOwqxWH1dcGxhXLmwFepRBCeA=
github.com/starter-go/base v0.9.11 h1:QG5kcShJSV9cs2KEeqZ8UN9icM/0uPZwPFrh0XUOf+Q=
github.com/starter-go/base v0.9.11/go.mod h1:MMqPMFzwPHjKyfX0cMmkpAAbeJ0tJupFbI8D+x27fJM=
github.com/starter-go/configen v0.9.5 h1:KTwueLMQA3Ba70sJddK+hOLEifOI0dTXpPkX/jiBjIo=
github.com/starter-go/configen v0.9.5/go.mod h1:n3qiv4z1nZ0h4qfcX9Ju8kUMgjuLUkv0EvL6lxQOwtQ=
github.com/starter-go/starter v1.0.7 h1:7S9kE5Qz5NNEkcPBtCRXKP1+a/3tWpBSz8LUVKZgzDI=
github.com/starter-go/starter v1.0.7/go.mod h1:2A0+bOFusx1p+oblSjLWkqUbx19tnCUH7hltt1pgbl8=
github.com/starter-go/units v0.0.3 h1:UlHs4qIDfTgNHbuVZdsWZyGp8JPC/jy0XyNw+FMarGc=
github.com/starter-go/units v0.0.3/go.mod h1:T/Yq2RjMxhzawqqjv+3zsQcyuoajD1wDHZzUSRQyZ20=
github.com/starter-go/vlog v0.9.7 h1:ysmWPxsJtgRxL5ht4abtWvJW9E7vLFAtuOOi/XtpSmY=
github.com/starter-go/vlog v0.9.7/go.mod h1:ywWUCfWNTqXrelvO4/3sQ04SCW4ClR3PiN3qpSlXhH0=
